
Microsoft Visual Studio Solution File, Format Version 12.00
# Visual Studio Version 16
VisualStudioVersion = 16.0.29709.97
MinimumVisualStudioVersion = 10.0.40219.1
Project("{FAE04EC0-301F-11D3-BF4B-00C04F79EFBC}") = "Lab2", "Lab2.csproj", "{F38F38A9-3702-4863-9276-D17878B0B4F1}"
EndProject
Global
	GlobalSection(SolutionConfigurationPlatforms) = preSolution
		Debug|Any CPU = Debug|Any CPU
		Release|Any CPU = Release|Any CPU
	EndGlobalSection
	GlobalSection(ProjectConfigurationPlatforms) = postSolution
		{F38F38A9-3702-4863-9276-D17878B0B4F1}.Debug|Any CPU.ActiveCfg = Debug|Any CPU
		{F38F38A9-3702-4863-9276-D17878B0B4F1}.Debug|Any CPU.Build.0 = Debug|Any CPU
		{F38F38A9-3702-4863-9276-D17878B0B4F1}.Release|Any CPU.ActiveCfg = Release|Any CPU
		{F38F38A9-3702-4863-9276-D17878B0B4F1}.Release|Any CPU.Build.0 = Release|Any CPU
	EndGlobalSection
	GlobalSection(SolutionProperties) = preSolution
		HideSolutionNode = FALSE
	EndGlobalSection
	GlobalSection(ExtensibilityGlobals) = postSolution
		SolutionGuid = {404B29C7-49CC-4249-89FB-3AB062C16CE7}
	EndGlobalSection
EndGlobal
